# THIS IS AN AUTOGENERATED FILE. DO NOT EDIT THIS FILE DIRECTLY.
# yarn lockfile v1


gitbook-plugin-download-pdf-link@^2.0.0:
  version "2.0.0"
  resolved "https://registry.yarnpkg.com/gitbook-plugin-download-pdf-link/-/gitbook-plugin-download-pdf-link-2.0.0.tgz#9a62a009d95d6e479464251181f491faab7060ce"

gitbook-plugin-github@^2.0.0:
  version "2.0.0"
  resolved "https://registry.yarnpkg.com/gitbook-plugin-github/-/gitbook-plugin-github-2.0.0.tgz#5166e763cfcc402d432880b7a6c85c1c54b56a8d"

gitbook-plugin-links@^3.0.1:
  version "3.0.1"
  resolved "https://registry.yarnpkg.com/gitbook-plugin-links/-/gitbook-plugin-links-3.0.1.tgz#a9309864bef04de5b1dbcf4da7f5f87b74bffc63"
